// !$*UTF8*$!
{
	archiveVersion = 1;
	classes = {
	};
	objectVersion = 55;
	objects = {

/* Begin PBXBuildFile section */
		1D21A02128183E1E0009B186 /* MemberManager.swift in Sources */ = {isa = PBXBuildFile; fileRef = 1D21A02028183E1E0009B186 /* MemberManager.swift */; };
		1D21A02528183E770009B186 /* DefaultsExtension.swift in Sources */ = {isa = PBXBuildFile; fileRef = 1D21A02428183E770009B186 /* DefaultsExtension.swift */; };
		1D21A02828183F120009B186 /* Alamofire in Frameworks */ = {isa = PBXBuildFile; productRef = 1D21A02728183F120009B186 /* Alamofire */; };
		1D21A02C281840020009B186 /* Album.swift in Sources */ = {isa = PBXBuildFile; fileRef = 1D21A02B281840020009B186 /* Album.swift */; };
		1D21A02E2818400A0009B186 /* User.swift in Sources */ = {isa = PBXBuildFile; fileRef = 1D21A02D2818400A0009B186 /* User.swift */; };
		1D21A030281840170009B186 /* Photo.swift in Sources */ = {isa = PBXBuildFile; fileRef = 1D21A02F281840170009B186 /* Photo.swift */; };
		1D21A0352818440A0009B186 /* UserPhotosViewModel.swift in Sources */ = {isa = PBXBuildFile; fileRef = 1D21A0342818440A0009B186 /* UserPhotosViewModel.swift */; };
		1D21A0372818442F0009B186 /* UserDetailVC.swift in Sources */ = {isa = PBXBuildFile; fileRef = 1D21A0362818442F0009B186 /* UserDetailVC.swift */; };
		1D21A03B281847460009B186 /* ApiClient.swift in Sources */ = {isa = PBXBuildFile; fileRef = 1D21A03A281847460009B186 /* ApiClient.swift */; };
		1D21A03D2818476B0009B186 /* Endpoint.swift in Sources */ = {isa = PBXBuildFile; fileRef = 1D21A03C2818476B0009B186 /* Endpoint.swift */; };
		1D21A03F281847E50009B186 /* Configuration.swift in Sources */ = {isa = PBXBuildFile; fileRef = 1D21A03E281847E50009B186 /* Configuration.swift */; };
		1D21A041281869D20009B186 /* UIViewControllerExtension.swift in Sources */ = {isa = PBXBuildFile; fileRef = 1D21A040281869D20009B186 /* UIViewControllerExtension.swift */; };
		1D21A043281873DE0009B186 /* UserPhoto.storyboard in Resources */ = {isa = PBXBuildFile; fileRef = 1D21A042281873DE0009B186 /* UserPhoto.storyboard */; };
		1D21A046281877A70009B186 /* Kingfisher in Frameworks */ = {isa = PBXBuildFile; productRef = 1D21A045281877A70009B186 /* Kingfisher */; };
		1D21A04A2818786C0009B186 /* PhotoCell.swift in Sources */ = {isa = PBXBuildFile; fileRef = 1D21A0482818786C0009B186 /* PhotoCell.swift */; };
		1D21A04B2818786C0009B186 /* PhotoCell.xib in Resources */ = {isa = PBXBuildFile; fileRef = 1D21A0492818786C0009B186 /* PhotoCell.xib */; };
		1D21A04D2818805A0009B186 /* PhotosDataSource.swift in Sources */ = {isa = PBXBuildFile; fileRef = 1D21A04C2818805A0009B186 /* PhotosDataSource.swift */; };
		1D21A05428188CD10009B186 /* NewBannerSupplementaryView.xib in Resources */ = {isa = PBXBuildFile; fileRef = 1D21A04F28188CD10009B186 /* NewBannerSupplementaryView.xib */; };
		1D21A05528188CD10009B186 /* NewBannerSupplementaryView.swift in Sources */ = {isa = PBXBuildFile; fileRef = 1D21A05028188CD10009B186 /* NewBannerSupplementaryView.swift */; };
		1D21A05628188CD10009B186 /* HeaderSupplementaryView.xib in Resources */ = {isa = PBXBuildFile; fileRef = 1D21A05128188CD10009B186 /* HeaderSupplementaryView.xib */; };
		1D21A05728188CD10009B186 /* BackgroundDecorationView.swift in Sources */ = {isa = PBXBuildFile; fileRef = 1D21A05228188CD10009B186 /* BackgroundDecorationView.swift */; };
		1D21A05828188CD10009B186 /* HeaderSupplementaryView.swift in Sources */ = {isa = PBXBuildFile; fileRef = 1D21A05328188CD10009B186 /* HeaderSupplementaryView.swift */; };
		1D21A05B2818AF930009B186 /* ProgressHUD in Frameworks */ = {isa = PBXBuildFile; productRef = 1D21A05A2818AF930009B186 /* ProgressHUD */; };
		1DEA28FA281707140023D57D /* AppDelegate.swift in Sources */ = {isa = PBXBuildFile; fileRef = 1DEA28F9281707140023D57D /* AppDelegate.swift */; };
		1DEA28FC281707140023D57D /* SceneDelegate.swift in Sources */ = {isa = PBXBuildFile; fileRef = 1DEA28FB281707140023D57D /* SceneDelegate.swift */; };
		1DEA28FE281707140023D57D /* UserPhotosVC.swift in Sources */ = {isa = PBXBuildFile; fileRef = 1DEA28FD281707140023D57D /* UserPhotosVC.swift */; };
		1DEA2901281707140023D57D /* Main.storyboard in Resources */ = {isa = PBXBuildFile; fileRef = 1DEA28FF281707140023D57D /* Main.storyboard */; };
		1DEA2903281707150023D57D /* Assets.xcassets in Resources */ = {isa = PBXBuildFile; fileRef = 1DEA2902281707150023D57D /* Assets.xcassets */; };
		1DEA2906281707150023D57D /* LaunchScreen.storyboard in Resources */ = {isa = PBXBuildFile; fileRef = 1DEA2904281707150023D57D /* LaunchScreen.storyboard */; };
/* End PBXBuildFile section */

/* Begin PBXFileReference section */
		1D21A02028183E1E0009B186 /* MemberManager.swift */ = {isa = PBXFileReference; lastKnownFileType = sourcecode.swift; path = MemberManager.swift; sourceTree = "<group>"; };
		1D21A02428183E770009B186 /* DefaultsExtension.swift */ = {isa = PBXFileReference; fileEncoding = 4; lastKnownFileType = sourcecode.swift; path = DefaultsExtension.swift; sourceTree = "<group>"; };
		1D21A02B281840020009B186 /* Album.swift */ = {isa = PBXFileReference; lastKnownFileType = sourcecode.swift; path = Album.swift; sourceTree = "<group>"; };
		1D21A02D2818400A0009B186 /* User.swift */ = {isa = PBXFileReference; lastKnownFileType = sourcecode.swift; path = User.swift; sourceTree = "<group>"; };
		1D21A02F281840170009B186 /* Photo.swift */ = {isa = PBXFileReference; lastKnownFileType = sourcecode.swift; path = Photo.swift; sourceTree = "<group>"; };
		1D21A0342818440A0009B186 /* UserPhotosViewModel.swift */ = {isa = PBXFileReference; lastKnownFileType = sourcecode.swift; path = UserPhotosViewModel.swift; sourceTree = "<group>"; };
		1D21A0362818442F0009B186 /* UserDetailVC.swift */ = {isa = PBXFileReference; lastKnownFileType = sourcecode.swift; path = UserDetailVC.swift; sourceTree = "<group>"; };
		1D21A03A281847460009B186 /* ApiClient.swift */ = {isa = PBXFileReference; lastKnownFileType = sourcecode.swift; path = ApiClient.swift; sourceTree = "<group>"; };
		1D21A03C2818476B0009B186 /* Endpoint.swift */ = {isa = PBXFileReference; lastKnownFileType = sourcecode.swift; path = Endpoint.swift; sourceTree = "<group>"; };
		1D21A03E281847E50009B186 /* Configuration.swift */ = {isa = PBXFileReference; lastKnownFileType = sourcecode.swift; path = Configuration.swift; sourceTree = "<group>"; };
		1D21A040281869D20009B186 /* UIViewControllerExtension.swift */ = {isa = PBXFileReference; lastKnownFileType = sourcecode.swift; path = UIViewControllerExtension.swift; sourceTree = "<group>"; };
		1D21A042281873DE0009B186 /* UserPhoto.storyboard */ = {isa = PBXFileReference; lastKnownFileType = file.storyboard; path = UserPhoto.storyboard; sourceTree = "<group>"; };
		1D21A0482818786C0009B186 /* PhotoCell.swift */ = {isa = PBXFileReference; fileEncoding = 4; lastKnownFileType = sourcecode.swift; path = PhotoCell.swift; sourceTree = "<group>"; };
		1D21A0492818786C0009B186 /* PhotoCell.xib */ = {isa = PBXFileReference; fileEncoding = 4; lastKnownFileType = file.xib; path = PhotoCell.xib; sourceTree = "<group>"; };
		1D21A04C2818805A0009B186 /* PhotosDataSource.swift */ = {isa = PBXFileReference; fileEncoding = 4; lastKnownFileType = sourcecode.swift; path = PhotosDataSource.swift; sourceTree = "<group>"; };
		1D21A04F28188CD10009B186 /* NewBannerSupplementaryView.xib */ = {isa = PBXFileReference; fileEncoding = 4; lastKnownFileType = file.xib; path = NewBannerSupplementaryView.xib; sourceTree = "<group>"; };
		1D21A05028188CD10009B186 /* NewBannerSupplementaryView.swift */ = {isa = PBXFileReference; fileEncoding = 4; lastKnownFileType = sourcecode.swift; path = NewBannerSupplementaryView.swift; sourceTree = "<group>"; };
		1D21A05128188CD10009B186 /* HeaderSupplementaryView.xib */ = {isa = PBXFileReference; fileEncoding = 4; lastKnownFileType = file.xib; path = HeaderSupplementaryView.xib; sourceTree = "<group>"; };
		1D21A05228188CD10009B186 /* BackgroundDecorationView.swift */ = {isa = PBXFileReference; fileEncoding = 4; lastKnownFileType = sourcecode.swift; path = BackgroundDecorationView.swift; sourceTree = "<group>"; };
		1D21A05328188CD10009B186 /* HeaderSupplementaryView.swift */ = {isa = PBXFileReference; fileEncoding = 4; lastKnownFileType = sourcecode.swift; path = HeaderSupplementaryView.swift; sourceTree = "<group>"; };
		1DEA28F6281707140023D57D /* Compositional Layout.app */ = {isa = PBXFileReference; explicitFileType = wrapper.application; includeInIndex = 0; path = "Compositional Layout.app"; sourceTree = BUILT_PRODUCTS_DIR; };
		1DEA28F9281707140023D57D /* AppDelegate.swift */ = {isa = PBXFileReference; lastKnownFileType = sourcecode.swift; path = AppDelegate.swift; sourceTree = "<group>"; };
		1DEA28FB281707140023D57D /* SceneDelegate.swift */ = {isa = PBXFileReference; lastKnownFileType = sourcecode.swift; path = SceneDelegate.swift; sourceTree = "<group>"; };
		1DEA28FD281707140023D57D /* UserPhotosVC.swift */ = {isa = PBXFileReference; lastKnownFileType = sourcecode.swift; path = UserPhotosVC.swift; sourceTree = "<group>"; };
		1DEA2900281707140023D57D /* Base */ = {isa = PBXFileReference; lastKnownFileType = file.storyboard; name = Base; path = Base.lproj/Main.storyboard; sourceTree = "<group>"; };
		1DEA2902281707150023D57D /* Assets.xcassets */ = {isa = PBXFileReference; lastKnownFileType = folder.assetcatalog; path = Assets.xcassets; sourceTree = "<group>"; };
		1DEA2905281707150023D57D /* Base */ = {isa = PBXFileReference; lastKnownFileType = file.storyboard; name = Base; path = Base.lproj/LaunchScreen.storyboard; sourceTree = "<group>"; };
		1DEA2907281707150023D57D /* Info.plist */ = {isa = PBXFileReference; lastKnownFileType = text.plist.xml; path = Info.plist; sourceTree = "<group>"; };
		1DEA2911281709280023D57D /* Prod.xcconfig */ = {isa = PBXFileReference; lastKnownFileType = text.xcconfig; path = Prod.xcconfig; sourceTree = "<group>"; };
/* End PBXFileReference section */

/* Begin PBXFrameworksBuildPhase section */
		1DEA28F3281707140023D57D /* Frameworks */ = {
			isa = PBXFrameworksBuildPhase;
			buildActionMask = 2147483647;
			files = (
				1D21A05B2818AF930009B186 /* ProgressHUD in Frameworks */,
				1D21A046281877A70009B186 /* Kingfisher in Frameworks */,
				1D21A02828183F120009B186 /* Alamofire in Frameworks */,
			);
			runOnlyForDeploymentPostprocessing = 0;
		};
/* End PBXFrameworksBuildPhase section */

/* Begin PBXGroup section */
		1D21A01A28183D960009B186 /* Resources */ = {
			isa = PBXGroup;
			children = (
				1D21A01B28183DA40009B186 /* Storyboards */,
				1DEA2902281707150023D57D /* Assets.xcassets */,
				1DEA2904281707150023D57D /* LaunchScreen.storyboard */,
			);
			path = Resources;
			sourceTree = "<group>";
		};
		1D21A01B28183DA40009B186 /* Storyboards */ = {
			isa = PBXGroup;
			children = (
				1DEA28FF281707140023D57D /* Main.storyboard */,
				1D21A042281873DE0009B186 /* UserPhoto.storyboard */,
			);
			path = Storyboards;
			sourceTree = "<group>";
		};
		1D21A01C28183DC40009B186 /* Model */ = {
			isa = PBXGroup;
			children = (
				1D21A02B281840020009B186 /* Album.swift */,
				1D21A02D2818400A0009B186 /* User.swift */,
				1D21A02F281840170009B186 /* Photo.swift */,
			);
			path = Model;
			sourceTree = "<group>";
		};
		1D21A01D28183DCC0009B186 /* Network */ = {
			isa = PBXGroup;
			children = (
				1D21A03A281847460009B186 /* ApiClient.swift */,
				1D21A03C2818476B0009B186 /* Endpoint.swift */,
			);
			path = Network;
			sourceTree = "<group>";
		};
		1D21A01E28183DE00009B186 /* Manager */ = {
			isa = PBXGroup;
			children = (
				1D21A02028183E1E0009B186 /* MemberManager.swift */,
			);
			path = Manager;
			sourceTree = "<group>";
		};
		1D21A01F28183E020009B186 /* Helper */ = {
			isa = PBXGroup;
			children = (
				1D21A04C2818805A0009B186 /* PhotosDataSource.swift */,
				1D21A02328183E620009B186 /* Extension */,
			);
			path = Helper;
			sourceTree = "<group>";
		};
		1D21A02328183E620009B186 /* Extension */ = {
			isa = PBXGroup;
			children = (
				1D21A02428183E770009B186 /* DefaultsExtension.swift */,
				1D21A040281869D20009B186 /* UIViewControllerExtension.swift */,
			);
			path = Extension;
			sourceTree = "<group>";
		};
		1D21A02A28183F750009B186 /* Scenes */ = {
			isa = PBXGroup;
			children = (
				1D21A032281843B90009B186 /* UserPhotos */,
				1D21A033281843F00009B186 /* UserDetail */,
			);
			path = Scenes;
			sourceTree = "<group>";
		};
		1D21A032281843B90009B186 /* UserPhotos */ = {
			isa = PBXGroup;
			children = (
				1DEA28FD281707140023D57D /* UserPhotosVC.swift */,
				1D21A0342818440A0009B186 /* UserPhotosViewModel.swift */,
				1D21A0472818786C0009B186 /* Cells */,
			);
			path = UserPhotos;
			sourceTree = "<group>";
		};
		1D21A033281843F00009B186 /* UserDetail */ = {
			isa = PBXGroup;
			children = (
				1D21A0362818442F0009B186 /* UserDetailVC.swift */,
			);
			path = UserDetail;
			sourceTree = "<group>";
		};
		1D21A0472818786C0009B186 /* Cells */ = {
			isa = PBXGroup;
			children = (
				1D21A0482818786C0009B186 /* PhotoCell.swift */,
				1D21A0492818786C0009B186 /* PhotoCell.xib */,
			);
			path = Cells;
			sourceTree = "<group>";
		};
		1D21A04E28188CD10009B186 /* Views */ = {
			isa = PBXGroup;
			children = (
				1D21A04F28188CD10009B186 /* NewBannerSupplementaryView.xib */,
				1D21A05028188CD10009B186 /* NewBannerSupplementaryView.swift */,
				1D21A05128188CD10009B186 /* HeaderSupplementaryView.xib */,
				1D21A05328188CD10009B186 /* HeaderSupplementaryView.swift */,
				1D21A05228188CD10009B186 /* BackgroundDecorationView.swift */,
			);
			path = Views;
			sourceTree = "<group>";
		};
		1DEA28ED281707140023D57D = {
			isa = PBXGroup;
			children = (
				1DEA28F8281707140023D57D /* Compositional Layout */,
				1DEA28F7281707140023D57D /* Products */,
			);
			sourceTree = "<group>";
		};
		1DEA28F7281707140023D57D /* Products */ = {
			isa = PBXGroup;
			children = (
				1DEA28F6281707140023D57D /* Compositional Layout.app */,
			);
			name = Products;
			sourceTree = "<group>";
		};
		1DEA28F8281707140023D57D /* Compositional Layout */ = {
			isa = PBXGroup;
			children = (
				1DEA290D281708880023D57D /* Application */,
				1D21A01A28183D960009B186 /* Resources */,
				1D21A01F28183E020009B186 /* Helper */,
				1D21A01E28183DE00009B186 /* Manager */,
				1D21A01D28183DCC0009B186 /* Network */,
				1D21A04E28188CD10009B186 /* Views */,
				1D21A01C28183DC40009B186 /* Model */,
				1D21A02A28183F750009B186 /* Scenes */,
			);
			path = "Compositional Layout";
			sourceTree = "<group>";
		};
		1DEA290D281708880023D57D /* Application */ = {
			isa = PBXGroup;
			children = (
				1DEA290E281708B70023D57D /* xcconfig */,
				1DEA28F9281707140023D57D /* AppDelegate.swift */,
				1DEA28FB281707140023D57D /* SceneDelegate.swift */,
				1D21A03E281847E50009B186 /* Configuration.swift */,
				1DEA2907281707150023D57D /* Info.plist */,
			);
			path = Application;
			sourceTree = "<group>";
		};
		1DEA290E281708B70023D57D /* xcconfig */ = {
			isa = PBXGroup;
			children = (
				1DEA2911281709280023D57D /* Prod.xcconfig */,
			);
			path = xcconfig;
			sourceTree = "<group>";
		};
/* End PBXGroup section */

/* Begin PBXNativeTarget section */
		1DEA28F5281707140023D57D /* Compositional Layout */ = {
			isa = PBXNativeTarget;
			buildConfigurationList = 1DEA290A281707150023D57D /* Build configuration list for PBXNativeTarget "Compositional Layout" */;
			buildPhases = (
				1DEA28F2281707140023D57D /* Sources */,
				1DEA28F3281707140023D57D /* Frameworks */,
				1DEA28F4281707140023D57D /* Resources */,
			);
			buildRules = (
			);
			dependencies = (
			);
			name = "Compositional Layout";
			packageProductDependencies = (
				1D21A02728183F120009B186 /* Alamofire */,
				1D21A045281877A70009B186 /* Kingfisher */,
				1D21A05A2818AF930009B186 /* ProgressHUD */,
			);
			productName = "Compositional Layout";
			productReference = 1DEA28F6281707140023D57D /* Compositional Layout.app */;
			productType = "com.apple.product-type.application";
		};
/* End PBXNativeTarget section */

/* Begin PBXProject section */
		1DEA28EE281707140023D57D /* Project object */ = {
			isa = PBXProject;
			attributes = {
				BuildIndependentTargetsInParallel = 1;
				LastSwiftUpdateCheck = 1330;
				LastUpgradeCheck = 1330;
				TargetAttributes = {
					1DEA28F5281707140023D57D = {
						CreatedOnToolsVersion = 13.3.1;
					};
				};
			};
			buildConfigurationList = 1DEA28F1281707140023D57D /* Build configuration list for PBXProject "Compositional Layout" */;
			compatibilityVersion = "Xcode 13.0";
			developmentRegion = en;
			hasScannedForEncodings = 0;
			knownRegions = (
				en,
				Base,
			);
			mainGroup = 1DEA28ED281707140023D57D;
			packageReferences = (
				1D21A02628183F120009B186 /* XCRemoteSwiftPackageReference "Alamofire" */,
				1D21A044281877A70009B186 /* XCRemoteSwiftPackageReference "Kingfisher" */,
				1D21A0592818AF930009B186 /* XCRemoteSwiftPackageReference "ProgressHUD" */,
			);
			productRefGroup = 1DEA28F7281707140023D57D /* Products */;
			projectDirPath = "";
			projectRoot = "";
			targets = (
				1DEA28F5281707140023D57D /* Compositional Layout */,
			);
		};
/* End PBXProject section */

/* Begin PBXResourcesBuildPhase section */
		1DEA28F4281707140023D57D /* Resources */ = {
			isa = PBXResourcesBuildPhase;
			buildActionMask = 2147483647;
			files = (
				1D21A043281873DE0009B186 /* UserPhoto.storyboard in Resources */,
				1DEA2906281707150023D57D /* LaunchScreen.storyboard in Resources */,
				1DEA2903281707150023D57D /* Assets.xcassets in Resources */,
				1D21A05428188CD10009B186 /* NewBannerSupplementaryView.xib in Resources */,
				1DEA2901281707140023D57D /* Main.storyboard in Resources */,
				1D21A05628188CD10009B186 /* HeaderSupplementaryView.xib in Resources */,
				1D21A04B2818786C0009B186 /* PhotoCell.xib in Resources */,
			);
			runOnlyForDeploymentPostprocessing = 0;
		};
/* End PBXResourcesBuildPhase section */

/* Begin PBXSourcesBuildPhase section */
		1DEA28F2281707140023D57D /* Sources */ = {
			isa = PBXSourcesBuildPhase;
			buildActionMask = 2147483647;
			files = (
				1DEA28FE281707140023D57D /* UserPhotosVC.swift in Sources */,
				1D21A02528183E770009B186 /* DefaultsExtension.swift in Sources */,
				1D21A03F281847E50009B186 /* Configuration.swift in Sources */,
				1D21A02128183E1E0009B186 /* MemberManager.swift in Sources */,
				1D21A05528188CD10009B186 /* NewBannerSupplementaryView.swift in Sources */,
				1D21A04A2818786C0009B186 /* PhotoCell.swift in Sources */,
				1D21A03D2818476B0009B186 /* Endpoint.swift in Sources */,
				1D21A0352818440A0009B186 /* UserPhotosViewModel.swift in Sources */,
				1D21A05828188CD10009B186 /* HeaderSupplementaryView.swift in Sources */,
				1D21A0372818442F0009B186 /* UserDetailVC.swift in Sources */,
				1D21A05728188CD10009B186 /* BackgroundDecorationView.swift in Sources */,
				1DEA28FA281707140023D57D /* AppDelegate.swift in Sources */,
				1D21A030281840170009B186 /* Photo.swift in Sources */,
				1D21A04D2818805A0009B186 /* PhotosDataSource.swift in Sources */,
				1DEA28FC281707140023D57D /* SceneDelegate.swift in Sources */,
				1D21A02C281840020009B186 /* Album.swift in Sources */,
				1D21A02E2818400A0009B186 /* User.swift in Sources */,
				1D21A03B281847460009B186 /* ApiClient.swift in Sources */,
				1D21A041281869D20009B186 /* UIViewControllerExtension.swift in Sources */,
			);
			runOnlyForDeploymentPostprocessing = 0;
		};
/* End PBXSourcesBuildPhase section */

/* Begin PBXVariantGroup section */
		1DEA28FF281707140023D57D /* Main.storyboard */ = {
			isa = PBXVariantGroup;
			children = (
				1DEA2900281707140023D57D /* Base */,
			);
			name = Main.storyboard;
			sourceTree = "<group>";
		};
		1DEA2904281707150023D57D /* LaunchScreen.storyboard */ = {
			isa = PBXVariantGroup;
			children = (
				1DEA2905281707150023D57D /* Base */,
			);
			name = LaunchScreen.storyboard;
			sourceTree = "<group>";
		};
/* End PBXVariantGroup section */

/* Begin XCBuildConfiguration section */
		1DEA2908281707150023D57D /* Debug */ = {
			isa = XCBuildConfiguration;
			buildSettings = {
				ALWAYS_SEARCH_USER_PATHS = NO;
				CLANG_ANALYZER_NONNULL = YES;
				CLANG_ANALYZER_NUMBER_OBJECT_CONVERSION = YES_AGGRESSIVE;
				CLANG_CXX_LANGUAGE_STANDARD = "gnu++17";
				CLANG_ENABLE_MODULES = YES;
				CLANG_ENABLE_OBJC_ARC = YES;
				CLANG_ENABLE_OBJC_WEAK = YES;
				CLANG_WARN_BLOCK_CAPTURE_AUTORELEASING = YES;
				CLANG_WARN_BOOL_CONVERSION = YES;
				CLANG_WARN_COMMA = YES;
				CLANG_WARN_CONSTANT_CONVERSION = YES;
				CLANG_WARN_DEPRECATED_OBJC_IMPLEMENTATIONS = YES;
				CLANG_WARN_DIRECT_OBJC_ISA_USAGE = YES_ERROR;
				CLANG_WARN_DOCUMENTATION_COMMENTS = YES;
				CLANG_WARN_EMPTY_BODY = YES;
				CLANG_WARN_ENUM_CONVERSION = YES;
				CLANG_WARN_INFINITE_RECURSION = YES;
				CLANG_WARN_INT_CONVERSION = YES;
				CLANG_WARN_NON_LITERAL_NULL_CONVERSION = YES;
				CLANG_WARN_OBJC_IMPLICIT_RETAIN_SELF = YES;
				CLANG_WARN_OBJC_LITERAL_CONVERSION = YES;
				CLANG_WARN_OBJC_ROOT_CLASS = YES_ERROR;
				CLANG_WARN_QUOTED_INCLUDE_IN_FRAMEWORK_HEADER = YES;
				CLANG_WARN_RANGE_LOOP_ANALYSIS = YES;
				CLANG_WARN_STRICT_PROTOTYPES = YES;
				CLANG_WARN_SUSPICIOUS_MOVE = YES;
				CLANG_WARN_UNGUARDED_AVAILABILITY = YES_AGGRESSIVE;
				CLANG_WARN_UNREACHABLE_CODE = YES;
				CLANG_WARN__DUPLICATE_METHOD_MATCH = YES;
				COPY_PHASE_STRIP = NO;
				DEBUG_INFORMATION_FORMAT = dwarf;
				ENABLE_STRICT_OBJC_MSGSEND = YES;
				ENABLE_TESTABILITY = YES;
				GCC_C_LANGUAGE_STANDARD = gnu11;
				GCC_DYNAMIC_NO_PIC = NO;
				GCC_NO_COMMON_BLOCKS = YES;
				GCC_OPTIMIZATION_LEVEL = 0;
				GCC_PREPROCESSOR_DEFINITIONS = (
					"DEBUG=1",
					"$(inherited)",
				);
				GCC_WARN_64_TO_32_BIT_CONVERSION = YES;
				GCC_WARN_ABOUT_RETURN_TYPE = YES_ERROR;
				GCC_WARN_UNDECLARED_SELECTOR = YES;
				GCC_WARN_UNINITIALIZED_AUTOS = YES_AGGRESSIVE;
				GCC_WARN_UNUSED_FUNCTION = YES;
				GCC_WARN_UNUSED_VARIABLE = YES;
				IPHONEOS_DEPLOYMENT_TARGET = 14.0;
				MTL_ENABLE_DEBUG_INFO = INCLUDE_SOURCE;
				MTL_FAST_MATH = YES;
				ONLY_ACTIVE_ARCH = YES;
				SDKROOT = iphoneos;
				SWIFT_ACTIVE_COMPILATION_CONDITIONS = DEBUG;
				SWIFT_OPTIMIZATION_LEVEL = "-Onone";
			};
			name = Debug;
		};
		1DEA2909281707150023D57D /* Release */ = {
			isa = XCBuildConfiguration;
			buildSettings = {
				ALWAYS_SEARCH_USER_PATHS = NO;
				CLANG_ANALYZER_NONNULL = YES;
				CLANG_ANALYZER_NUMBER_OBJECT_CONVERSION = YES_AGGRESSIVE;
				CLANG_CXX_LANGUAGE_STANDARD = "gnu++17";
				CLANG_ENABLE_MODULES = YES;
				CLANG_ENABLE_OBJC_ARC = YES;
				CLANG_ENABLE_OBJC_WEAK = YES;
				CLANG_WARN_BLOCK_CAPTURE_AUTORELEASING = YES;
				CLANG_WARN_BOOL_CONVERSION = YES;
				CLANG_WARN_COMMA = YES;
				CLANG_WARN_CONSTANT_CONVERSION = YES;
				CLANG_WARN_DEPRECATED_OBJC_IMPLEMENTATIONS = YES;
				CLANG_WARN_DIRECT_OBJC_ISA_USAGE = YES_ERROR;
				CLANG_WARN_DOCUMENTATION_COMMENTS = YES;
				CLANG_WARN_EMPTY_BODY = YES;
				CLANG_WARN_ENUM_CONVERSION = YES;
				CLANG_WARN_INFINITE_RECURSION = YES;
				CLANG_WARN_INT_CONVERSION = YES;
				CLANG_WARN_NON_LITERAL_NULL_CONVERSION = YES;
				CLANG_WARN_OBJC_IMPLICIT_RETAIN_SELF = YES;
				CLANG_WARN_OBJC_LITERAL_CONVERSION = YES;
				CLANG_WARN_OBJC_ROOT_CLASS = YES_ERROR;
				CLANG_WARN_QUOTED_INCLUDE_IN_FRAMEWORK_HEADER = YES;
				CLANG_WARN_RANGE_LOOP_ANALYSIS = YES;
				CLANG_WARN_STRICT_PROTOTYPES = YES;
				CLANG_WARN_SUSPICIOUS_MOVE = YES;
				CLANG_WARN_UNGUARDED_AVAILABILITY = YES_AGGRESSIVE;
				CLANG_WARN_UNREACHABLE_CODE = YES;
				CLANG_WARN__DUPLICATE_METHOD_MATCH = YES;
				COPY_PHASE_STRIP = NO;
				DEBUG_INFORMATION_FORMAT = "dwarf-with-dsym";
				ENABLE_NS_ASSERTIONS = NO;
				ENABLE_STRICT_OBJC_MSGSEND = YES;
				GCC_C_LANGUAGE_STANDARD = gnu11;
				GCC_NO_COMMON_BLOCKS = YES;
				GCC_WARN_64_TO_32_BIT_CONVERSION = YES;
				GCC_WARN_ABOUT_RETURN_TYPE = YES_ERROR;
				GCC_WARN_UNDECLARED_SELECTOR = YES;
				GCC_WARN_UNINITIALIZED_AUTOS = YES_AGGRESSIVE;
				GCC_WARN_UNUSED_FUNCTION = YES;
				GCC_WARN_UNUSED_VARIABLE = YES;
				IPHONEOS_DEPLOYMENT_TARGET = 14.0;
				MTL_ENABLE_DEBUG_INFO = NO;
				MTL_FAST_MATH = YES;
				SDKROOT = iphoneos;
				SWIFT_COMPILATION_MODE = wholemodule;
				SWIFT_OPTIMIZATION_LEVEL = "-Onone";
				VALIDATE_PRODUCT = YES;
			};
			name = Release;
		};
		1DEA290B281707150023D57D /* Debug */ = {
			isa = XCBuildConfiguration;
			buildSettings = {
				ASSETCATALOG_COMPILER_APPICON_NAME = AppIcon;
				ASSETCATALOG_COMPILER_GLOBAL_ACCENT_COLOR_NAME = AccentColor;
				CODE_SIGN_STYLE = Automatic;
				CURRENT_PROJECT_VERSION = 1;
				DEVELOPMENT_TEAM = QC54JWS8ZR;
				GENERATE_INFOPLIST_FILE = YES;
				INFOPLIST_FILE = "Compositional Layout/Application/Info.plist";
				INFOPLIST_KEY_UIApplicationSupportsIndirectInputEvents = YES;
				INFOPLIST_KEY_UILaunchStoryboardName = LaunchScreen;
				INFOPLIST_KEY_UIMainStoryboardFile = Main;
				INFOPLIST_KEY_UISupportedInterfaceOrientations = UIInterfaceOrientationPortrait;
				INFOPLIST_KEY_UISupportedInterfaceOrientations_iPad = "UIInterfaceOrientationPortrait UIInterfaceOrientationPortraitUpsideDown UIInterfaceOrientationLandscapeLeft UIInterfaceOrientationLandscapeRight";
				INFOPLIST_KEY_UISupportedInterfaceOrientations_iPhone = "UIInterfaceOrientationPortrait UIInterfaceOrientationLandscapeLeft UIInterfaceOrientationLandscapeRight";
				LD_RUNPATH_SEARCH_PATHS = (
					"$(inherited)",
					"@executable_path/Frameworks",
				);
				MARKETING_VERSION = 1.0;
				PRODUCT_BUNDLE_IDENTIFIER = "com.oguzkr.Compositional-Layout";
				PRODUCT_NAME = "$(TARGET_NAME)";
				SWIFT_EMIT_LOC_STRINGS = YES;
				SWIFT_VERSION = 5.0;
				TARGETED_DEVICE_FAMILY = 1;
			};
			name = Debug;
		};
		1DEA290C281707150023D57D /* Release */ = {
			isa = XCBuildConfiguration;
			buildSettings = {
				ASSETCATALOG_COMPILER_APPICON_NAME = AppIcon;
				ASSETCATALOG_COMPILER_GLOBAL_ACCENT_COLOR_NAME = AccentColor;
				CODE_SIGN_STYLE = Automatic;
				CURRENT_PROJECT_VERSION = 1;
				DEVELOPMENT_TEAM = QC54JWS8ZR;
				GENERATE_INFOPLIST_FILE = YES;
				INFOPLIST_FILE = "Compositional Layout/Application/Info.plist";
				INFOPLIST_KEY_UIApplicationSupportsIndirectInputEvents = YES;
				INFOPLIST_KEY_UILaunchStoryboardName = LaunchScreen;
				INFOPLIST_KEY_UIMainStoryboardFile = Main;
				INFOPLIST_KEY_UISupportedInterfaceOrientations = UIInterfaceOrientationPortrait;
				INFOPLIST_KEY_UISupportedInterfaceOrientations_iPad = "UIInterfaceOrientationPortrait UIInterfaceOrientationPortraitUpsideDown UIInterfaceOrientationLandscapeLeft UIInterfaceOrientationLandscapeRight";
				INFOPLIST_KEY_UISupportedInterfaceOrientations_iPhone = "UIInterfaceOrientationPortrait UIInterfaceOrientationLandscapeLeft UIInterfaceOrientationLandscapeRight";
				LD_RUNPATH_SEARCH_PATHS = (
					"$(inherited)",
					"@executable_path/Frameworks",
				);
				MARKETING_VERSION = 1.0;
				PRODUCT_BUNDLE_IDENTIFIER = "com.oguzkr.Compositional-Layout";
				PRODUCT_NAME = "$(TARGET_NAME)";
				SWIFT_EMIT_LOC_STRINGS = YES;
				SWIFT_VERSION = 5.0;
				TARGETED_DEVICE_FAMILY = 1;
			};
			name = Release;
		};
		1DEA290F281708C40023D57D /* Prod */ = {
			isa = XCBuildConfiguration;
			baseConfigurationReference = 1DEA2911281709280023D57D /* Prod.xcconfig */;
			buildSettings = {
				ALWAYS_SEARCH_USER_PATHS = NO;
				CLANG_ANALYZER_NONNULL = YES;
				CLANG_ANALYZER_NUMBER_OBJECT_CONVERSION = YES_AGGRESSIVE;
				CLANG_CXX_LANGUAGE_STANDARD = "gnu++17";
				CLANG_ENABLE_MODULES = YES;
				CLANG_ENABLE_OBJC_ARC = YES;
				CLANG_ENABLE_OBJC_WEAK = YES;
				CLANG_WARN_BLOCK_CAPTURE_AUTORELEASING = YES;
				CLANG_WARN_BOOL_CONVERSION = YES;
				CLANG_WARN_COMMA = YES;
				CLANG_WARN_CONSTANT_CONVERSION = YES;
				CLANG_WARN_DEPRECATED_OBJC_IMPLEMENTATIONS = YES;
				CLANG_WARN_DIRECT_OBJC_ISA_USAGE = YES_ERROR;
				CLANG_WARN_DOCUMENTATION_COMMENTS = YES;
				CLANG_WARN_EMPTY_BODY = YES;
				CLANG_WARN_ENUM_CONVERSION = YES;
				CLANG_WARN_INFINITE_RECURSION = YES;
				CLANG_WARN_INT_CONVERSION = YES;
				CLANG_WARN_NON_LITERAL_NULL_CONVERSION = YES;
				CLANG_WARN_OBJC_IMPLICIT_RETAIN_SELF = YES;
				CLANG_WARN_OBJC_LITERAL_CONVERSION = YES;
				CLANG_WARN_OBJC_ROOT_CLASS = YES_ERROR;
				CLANG_WARN_QUOTED_INCLUDE_IN_FRAMEWORK_HEADER = YES;
				CLANG_WARN_RANGE_LOOP_ANALYSIS = YES;
				CLANG_WARN_STRICT_PROTOTYPES = YES;
				CLANG_WARN_SUSPICIOUS_MOVE = YES;
				CLANG_WARN_UNGUARDED_AVAILABILITY = YES_AGGRESSIVE;
				CLANG_WARN_UNREACHABLE_CODE = YES;
				CLANG_WARN__DUPLICATE_METHOD_MATCH = YES;
				COPY_PHASE_STRIP = NO;
				DEBUG_INFORMATION_FORMAT = "dwarf-with-dsym";
				ENABLE_NS_ASSERTIONS = NO;
				ENABLE_STRICT_OBJC_MSGSEND = YES;
				GCC_C_LANGUAGE_STANDARD = gnu11;
				GCC_NO_COMMON_BLOCKS = YES;
				GCC_WARN_64_TO_32_BIT_CONVERSION = YES;
				GCC_WARN_ABOUT_RETURN_TYPE = YES_ERROR;
				GCC_WARN_UNDECLARED_SELECTOR = YES;
				GCC_WARN_UNINITIALIZED_AUTOS = YES_AGGRESSIVE;
				GCC_WARN_UNUSED_FUNCTION = YES;
				GCC_WARN_UNUSED_VARIABLE = YES;
				IPHONEOS_DEPLOYMENT_TARGET = 14.0;
				MTL_ENABLE_DEBUG_INFO = NO;
				MTL_FAST_MATH = YES;
				SDKROOT = iphoneos;
				SWIFT_COMPILATION_MODE = wholemodule;
				SWIFT_OPTIMIZATION_LEVEL = "-Onone";
				VALIDATE_PRODUCT = YES;
			};
			name = Prod;
		};
		1DEA2910281708C40023D57D /* Prod */ = {
			isa = XCBuildConfiguration;
			baseConfigurationReference = 1DEA2911281709280023D57D /* Prod.xcconfig */;
			buildSettings = {
				ASSETCATALOG_COMPILER_APPICON_NAME = AppIcon;
				ASSETCATALOG_COMPILER_GLOBAL_ACCENT_COLOR_NAME = AccentColor;
				CODE_SIGN_STYLE = Automatic;
				CURRENT_PROJECT_VERSION = 1;
				DEVELOPMENT_TEAM = QC54JWS8ZR;
				GENERATE_INFOPLIST_FILE = YES;
				INFOPLIST_FILE = "Compositional Layout/Application/Info.plist";
				INFOPLIST_KEY_UIApplicationSupportsIndirectInputEvents = YES;
				INFOPLIST_KEY_UILaunchStoryboardName = LaunchScreen;
				INFOPLIST_KEY_UIMainStoryboardFile = Main;
				INFOPLIST_KEY_UISupportedInterfaceOrientations = UIInterfaceOrientationPortrait;
				INFOPLIST_KEY_UISupportedInterfaceOrientations_iPad = "UIInterfaceOrientationPortrait UIInterfaceOrientationPortraitUpsideDown UIInterfaceOrientationLandscapeLeft UIInterfaceOrientationLandscapeRight";
				INFOPLIST_KEY_UISupportedInterfaceOrientations_iPhone = "UIInterfaceOrientationPortrait UIInterfaceOrientationLandscapeLeft UIInterfaceOrientationLandscapeRight";
				LD_RUNPATH_SEARCH_PATHS = (
					"$(inherited)",
					"@executable_path/Frameworks",
				);
				MARKETING_VERSION = 1.0;
				PRODUCT_BUNDLE_IDENTIFIER = "com.oguzkr.Compositional-Layout";
				PRODUCT_NAME = "$(TARGET_NAME)";
				SWIFT_EMIT_LOC_STRINGS = YES;
				SWIFT_VERSION = 5.0;
				TARGETED_DEVICE_FAMILY = 1;
			};
			name = Prod;
		};
/* End XCBuildConfiguration section */

/* Begin XCConfigurationList section */
		1DEA28F1281707140023D57D /* Build configuration list for PBXProject "Compositional Layout" */ = {
			isa = XCConfigurationList;
			buildConfigurations = (
				1DEA2908281707150023D57D /* Debug */,
				1DEA2909281707150023D57D /* Release */,
				1DEA290F281708C40023D57D /* Prod */,
			);
			defaultConfigurationIsVisible = 0;
			defaultConfigurationName = Release;
		};
		1DEA290A281707150023D57D /* Build configuration list for PBXNativeTarget "Compositional Layout" */ = {
			isa = XCConfigurationList;
			buildConfigurations = (
				1DEA290B281707150023D57D /* Debug */,
				1DEA290C281707150023D57D /* Release */,
				1DEA2910281708C40023D57D /* Prod */,
			);
			defaultConfigurationIsVisible = 0;
			defaultConfigurationName = Release;
		};
/* End XCConfigurationList section */

/* Begin XCRemoteSwiftPackageReference section */
		1D21A02628183F120009B186 /* XCRemoteSwiftPackageReference "Alamofire" */ = {
			isa = XCRemoteSwiftPackageReference;
			repositoryURL = "https://github.com/Alamofire/Alamofire.git";
			requirement = {
				kind = upToNextMajorVersion;
				minimumVersion = 5.0.0;
			};
		};
		1D21A044281877A70009B186 /* XCRemoteSwiftPackageReference "Kingfisher" */ = {
			isa = XCRemoteSwiftPackageReference;
			repositoryURL = "https://github.com/onevcat/Kingfisher.git";
			requirement = {
				kind = upToNextMajorVersion;
				minimumVersion = 7.0.0;
			};
		};
		1D21A0592818AF930009B186 /* XCRemoteSwiftPackageReference "ProgressHUD" */ = {
			isa = XCRemoteSwiftPackageReference;
			repositoryURL = "https://github.com/relatedcode/ProgressHUD.git";
			requirement = {
				kind = upToNextMajorVersion;
				minimumVersion = 13.0.0;
			};
		};
/* End XCRemoteSwiftPackageReference section */

/* Begin XCSwiftPackageProductDependency section */
		1D21A02728183F120009B186 /* Alamofire */ = {
			isa = XCSwiftPackageProductDependency;
			package = 1D21A02628183F120009B186 /* XCRemoteSwiftPackageReference "Alamofire" */;
			productName = Alamofire;
		};
		1D21A045281877A70009B186 /* Kingfisher */ = {
			isa = XCSwiftPackageProductDependency;
			package = 1D21A044281877A70009B186 /* XCRemoteSwiftPackageReference "Kingfisher" */;
			productName = Kingfisher;
		};
		1D21A05A2818AF930009B186 /* ProgressHUD */ = {
			isa = XCSwiftPackageProductDependency;
			package = 1D21A0592818AF930009B186 /* XCRemoteSwiftPackageReference "ProgressHUD" */;
			productName = ProgressHUD;
		};
/* End XCSwiftPackageProductDependency section */
	};
	rootObject = 1DEA28EE281707140023D57D /* Project object */;
}
